{
    "_readme": [
        "This file locks the dependencies of your project to a known state",
        "Read more about it at https://getcomposer.org/doc/01-basic-usage.md#installing-dependencies",
        "This file is @generated automatically"
    ],
    "content-hash": "b667fa22fae1dad14ef2309f0ff4c985",
    "packages": [
        {
            "name": "plott/plottcore-wordpress-no-content",
            "version": "6.26.0",
            "source": {
                "type": "git",
                "url": "https://github.com/plottcreative/plottcore-wordpress-no-content.git",
                "reference": "05a2d8e14975ba9dbef5e0ce4693e4ebb529011f"
            },
            "dist": {
                "type": "zip",
                "url": "https://wordpress.org/latest.zip",
                "reference": "05a2d8e14975ba9dbef5e0ce4693e4ebb529011f"
            },
            "require": {
                "php": ">=8.1.0"
            },
            "provide": {
                "wordpress/core-implementation": "*"
            },
            "suggest": {
                "ext-curl": "Performs remote request operations.",
                "ext-dom": "Used to validate Text Widget content and to automatically configuring IIS7+.",
                "ext-exif": "Works with metadata stored in images.",
                "ext-fileinfo": "Used to detect mimetype of file uploads.",
                "ext-hash": "Used for hashing, including passwords and update packages.",
                "ext-imagick": "Provides better image quality for media uploads.",
                "ext-json": "Used for communications with other servers.",
                "ext-libsodium": "Validates Signatures and provides securely random bytes.",
                "ext-mbstring": "Used to properly handle UTF8 text.",
                "ext-mysqli": "Connects to MySQL for database interactions.",
                "ext-openssl": "Permits SSL-based connections to other hosts.",
                "ext-pcre": "Increases performance of pattern matching in code searches.",
                "ext-xml": "Used for XML parsing, such as from a third-party site.",
                "ext-zip": "Used for decompressing Plugins, Themes, and WordPress update packages."
            },
            "type": "wordpress-core",
            "notification-url": "https://packagist.org/downloads/",
            "license": [
                "GPL-2.0-or-later"
            ],
            "authors": [
                {
                    "name": "WordPress Community",
                    "homepage": "https://wordpress.org/about/"
                }
            ],
            "description": "WordPress is open source software you can use to create a beautiful website, blog, or app.",
            "homepage": "https://wordpress.org/",
            "keywords": [
                "blog",
                "cms",
                "wordpress"
            ],
            "support": {
                "docs": "https://developer.wordpress.org/",
                "forum": "https://wordpress.org/support/",
                "irc": "irc://irc.freenode.net/wordpress",
                "issues": "https://core.trac.wordpress.org/",
                "rss": "https://wordpress.org/news/feed/",
                "source": "https://core.trac.wordpress.org/browser",
                "wiki": "https://codex.wordpress.org/"
            },
            "funding": [
                {
                    "url": "https://wordpressfoundation.org/donate/",
                    "type": "other"
                }
            ],
            "time": "2025-05-28T08:06:14+00:00"
        },
        {
            "name": "plott/plottcore-wp-installer",
            "version": "1.33.0",
            "source": {
                "type": "git",
                "url": "https://github.com/plottcreative/plottcore-wp-installer.git",
                "reference": "e8312670f6e389e7a4bdd2411fc65b7c9385e88c"
            },
            "dist": {
                "type": "zip",
                "url": "https://api.github.com/repos/plottcreative/plottcore-wp-installer/zipball/e8312670f6e389e7a4bdd2411fc65b7c9385e88c",
                "reference": "e8312670f6e389e7a4bdd2411fc65b7c9385e88c",
                "shasum": ""
            },
            "require": {
                "composer-plugin-api": "^1.0 || ^2.0",
                "php": ">=5.6.0"
            },
            "conflict": {
                "composer/installers": "<1.0.6"
            },
            "replace": {
                "johnpbloch/wordpress-core-installer": "*"
            },
            "require-dev": {
                "composer/composer": "^1.0 || ^2.0",
                "phpunit/phpunit": ">=5.7.27"
            },
            "type": "composer-plugin",
            "extra": {
                "class": "Plott\\Composer\\WordPressCorePlugin"
            },
            "autoload": {
                "psr-4": {
                    "Plott\\Composer\\": "src/"
                }
            },
            "notification-url": "https://packagist.org/downloads/",
            "license": [
                "GPL-2.0-or-later"
            ],
            "description": "A custom installer to handle deploying WordPress with Composer",
            "support": {
                "issues": "https://github.com/plottcreative/plottcore-wp-installer/issues",
                "source": "https://github.com/plottcreative/plottcore-wp-installer/tree/v1.33.0"
            },
            "time": "2025-05-28T08:06:26+00:00"
        }
    ],
    "packages-dev": [],
    "aliases": [],
    "minimum-stability": "stable",
    "stability-flags": {},
    "prefer-stable": false,
    "prefer-lowest": false,
    "platform": {},
    "platform-dev": {},
    "plugin-api-version": "2.6.0"
}
